
Microsoft Visual Studio Solution File, Format Version 12.00
# Visual Studio Version 17
VisualStudioVersion = 17.5.33424.131
MinimumVisualStudioVersion = 10.0.40219.1
Project("{FAE04EC0-301F-11D3-BF4B-00C04F79EFBC}") = "Calculator", "Calculator\Calculator.csproj", "{ACADD55A-DB89-4185-948B-60B8876D0369}"
EndProject
Global
	GlobalSection(SolutionConfigurationPlatforms) = preSolution
		Debug|Any CPU = Debug|Any CPU
		Release|Any CPU = Release|Any CPU
	EndGlobalSection
	GlobalSection(ProjectConfigurationPlatforms) = postSolution
		{ACADD55A-DB89-4185-948B-60B8876D0369}.Debug|Any CPU.ActiveCfg = Debug|Any CPU
		{ACADD55A-DB89-4185-948B-60B8876D0369}.Debug|Any CPU.Build.0 = Debug|Any CPU
		{ACADD55A-DB89-4185-948B-60B8876D0369}.Release|Any CPU.ActiveCfg = Release|Any CPU
		{ACADD55A-DB89-4185-948B-60B8876D0369}.Release|Any CPU.Build.0 = Release|Any CPU
	EndGlobalSection
	GlobalSection(SolutionProperties) = preSolution
		HideSolutionNode = FALSE
	EndGlobalSection
	GlobalSection(ExtensibilityGlobals) = postSolution
		SolutionGuid = {7B374A08-3048-414A-A70C-E5CDDAAEF555}
	EndGlobalSection
EndGlobal
